
Microsoft Visual Studio Solution File, Format Version 12.00
# Visual Studio Version 16
VisualStudioVersion = 16.0.30011.22
MinimumVisualStudioVersion = 10.0.40219.1
Project("{9A19103F-16F7-4668-BE54-9A1E7A4F7556}") = "moneyucab-portalweb-back", "moneyucab-portalweb-back\moneyucab-portalweb-back.csproj", "{D73E26CA-D158-4B2C-8617-15BA62DF9FAB}"
	ProjectSection(ProjectDependencies) = postProject
		{01D69C27-8BD4-4C2A-B890-260B58D9B846} = {01D69C27-8BD4-4C2A-B890-260B58D9B846}
		{C7B6A62A-3BDA-401C-BB3E-B4CF4E351F38} = {C7B6A62A-3BDA-401C-BB3E-B4CF4E351F38}
		{13FE776A-427D-405C-999D-97899B41DBFB} = {13FE776A-427D-405C-999D-97899B41DBFB}
		{D172E78F-D154-4CCB-97F0-13991D4884CE} = {D172E78F-D154-4CCB-97F0-13991D4884CE}
	EndProjectSection
EndProject
Project("{FAE04EC0-301F-11D3-BF4B-00C04F79EFBC}") = "Acceso-Datos", "Acceso-Datos\Acceso-Datos.csproj", "{01D69C27-8BD4-4C2A-B890-260B58D9B846}"
EndProject
Project("{FAE04EC0-301F-11D3-BF4B-00C04F79EFBC}") = "Lógica", "Lógica\Lógica.csproj", "{13FE776A-427D-405C-999D-97899B41DBFB}"
EndProject
Project("{FAE04EC0-301F-11D3-BF4B-00C04F79EFBC}") = "Excepciones", "Excepciones\Excepciones.csproj", "{D172E78F-D154-4CCB-97F0-13991D4884CE}"
EndProject
Project("{FAE04EC0-301F-11D3-BF4B-00C04F79EFBC}") = "Comunes", "Comunes\Comunes.csproj", "{C7B6A62A-3BDA-401C-BB3E-B4CF4E351F38}"
EndProject
Project("{FAE04EC0-301F-11D3-BF4B-00C04F79EFBC}") = "PruebasUnitarias", "PruebasUnitarias\PruebasUnitarias.csproj", "{DF676228-29DB-4B20-8E48-4AF6246B816C}"
EndProject
Global
	GlobalSection(SolutionConfigurationPlatforms) = preSolution
		Debug|Any CPU = Debug|Any CPU
		Release|Any CPU = Release|Any CPU
	EndGlobalSection
	GlobalSection(ProjectConfigurationPlatforms) = postSolution
		{D73E26CA-D158-4B2C-8617-15BA62DF9FAB}.Debug|Any CPU.ActiveCfg = Debug|Any CPU
		{D73E26CA-D158-4B2C-8617-15BA62DF9FAB}.Debug|Any CPU.Build.0 = Debug|Any CPU
		{D73E26CA-D158-4B2C-8617-15BA62DF9FAB}.Release|Any CPU.ActiveCfg = Release|Any CPU
		{D73E26CA-D158-4B2C-8617-15BA62DF9FAB}.Release|Any CPU.Build.0 = Release|Any CPU
		{01D69C27-8BD4-4C2A-B890-260B58D9B846}.Debug|Any CPU.ActiveCfg = Debug|Any CPU
		{01D69C27-8BD4-4C2A-B890-260B58D9B846}.Debug|Any CPU.Build.0 = Debug|Any CPU
		{01D69C27-8BD4-4C2A-B890-260B58D9B846}.Release|Any CPU.ActiveCfg = Release|Any CPU
		{01D69C27-8BD4-4C2A-B890-260B58D9B846}.Release|Any CPU.Build.0 = Release|Any CPU
		{13FE776A-427D-405C-999D-97899B41DBFB}.Debug|Any CPU.ActiveCfg = Debug|Any CPU
		{13FE776A-427D-405C-999D-97899B41DBFB}.Debug|Any CPU.Build.0 = Debug|Any CPU
		{13FE776A-427D-405C-999D-97899B41DBFB}.Release|Any CPU.ActiveCfg = Release|Any CPU
		{13FE776A-427D-405C-999D-97899B41DBFB}.Release|Any CPU.Build.0 = Release|Any CPU
		{D172E78F-D154-4CCB-97F0-13991D4884CE}.Debug|Any CPU.ActiveCfg = Debug|Any CPU
		{D172E78F-D154-4CCB-97F0-13991D4884CE}.Debug|Any CPU.Build.0 = Debug|Any CPU
		{D172E78F-D154-4CCB-97F0-13991D4884CE}.Release|Any CPU.ActiveCfg = Release|Any CPU
		{D172E78F-D154-4CCB-97F0-13991D4884CE}.Release|Any CPU.Build.0 = Release|Any CPU
		{C7B6A62A-3BDA-401C-BB3E-B4CF4E351F38}.Debug|Any CPU.ActiveCfg = Debug|Any CPU
		{C7B6A62A-3BDA-401C-BB3E-B4CF4E351F38}.Debug|Any CPU.Build.0 = Debug|Any CPU
		{C7B6A62A-3BDA-401C-BB3E-B4CF4E351F38}.Release|Any CPU.ActiveCfg = Release|Any CPU
		{C7B6A62A-3BDA-401C-BB3E-B4CF4E351F38}.Release|Any CPU.Build.0 = Release|Any CPU
		{DF676228-29DB-4B20-8E48-4AF6246B816C}.Debug|Any CPU.ActiveCfg = Debug|Any CPU
		{DF676228-29DB-4B20-8E48-4AF6246B816C}.Debug|Any CPU.Build.0 = Debug|Any CPU
		{DF676228-29DB-4B20-8E48-4AF6246B816C}.Release|Any CPU.ActiveCfg = Release|Any CPU
		{DF676228-29DB-4B20-8E48-4AF6246B816C}.Release|Any CPU.Build.0 = Release|Any CPU
	EndGlobalSection
	GlobalSection(SolutionProperties) = preSolution
		HideSolutionNode = FALSE
	EndGlobalSection
	GlobalSection(ExtensibilityGlobals) = postSolution
		SolutionGuid = {49836A0C-4EA6-4A61-91AE-AE6FE99394BF}
	EndGlobalSection
EndGlobal
